
Microsoft Visual Studio Solution File, Format Version 12.00
# Visual Studio Version 17
VisualStudioVersion = 17.14.37012.4 d17.14
MinimumVisualStudioVersion = 10.0.40219.1
Project("{FAE04EC0-301F-11D3-BF4B-00C04F79EFBC}") = "KASHOP.PL", "KASHOP.PL\KASHOP.PL.csproj", "{58AE8740-C5A4-4608-8B23-70F2C765B012}"
EndProject
Project("{FAE04EC0-301F-11D3-BF4B-00C04F79EFBC}") = "KASHOP.BLL", "KASHOP.BLL\KASHOP.BLL.csproj", "{4BE86EF7-416E-4CB6-AB6F-2EDE2BBFDE36}"
EndProject
Project("{FAE04EC0-301F-11D3-BF4B-00C04F79EFBC}") = "KASHOP.DAL", "KASHOP.DAL\KASHOP.DAL.csproj", "{1B8CA41B-CA62-4761-A6EF-341A3B1CF733}"
EndProject
Global
	GlobalSection(SolutionConfigurationPlatforms) = preSolution
		Debug|Any CPU = Debug|Any CPU
		Release|Any CPU = Release|Any CPU
	EndGlobalSection
	GlobalSection(ProjectConfigurationPlatforms) = postSolution
		{58AE8740-C5A4-4608-8B23-70F2C765B012}.Debug|Any CPU.ActiveCfg = Debug|Any CPU
		{58AE8740-C5A4-4608-8B23-70F2C765B012}.Debug|Any CPU.Build.0 = Debug|Any CPU
		{58AE8740-C5A4-4608-8B23-70F2C765B012}.Release|Any CPU.ActiveCfg = Release|Any CPU
		{58AE8740-C5A4-4608-8B23-70F2C765B012}.Release|Any CPU.Build.0 = Release|Any CPU
		{4BE86EF7-416E-4CB6-AB6F-2EDE2BBFDE36}.Debug|Any CPU.ActiveCfg = Debug|Any CPU
		{4BE86EF7-416E-4CB6-AB6F-2EDE2BBFDE36}.Debug|Any CPU.Build.0 = Debug|Any CPU
		{4BE86EF7-416E-4CB6-AB6F-2EDE2BBFDE36}.Release|Any CPU.ActiveCfg = Release|Any CPU
		{4BE86EF7-416E-4CB6-AB6F-2EDE2BBFDE36}.Release|Any CPU.Build.0 = Release|Any CPU
		{1B8CA41B-CA62-4761-A6EF-341A3B1CF733}.Debug|Any CPU.ActiveCfg = Debug|Any CPU
		{1B8CA41B-CA62-4761-A6EF-341A3B1CF733}.Debug|Any CPU.Build.0 = Debug|Any CPU
		{1B8CA41B-CA62-4761-A6EF-341A3B1CF733}.Release|Any CPU.ActiveCfg = Release|Any CPU
		{1B8CA41B-CA62-4761-A6EF-341A3B1CF733}.Release|Any CPU.Build.0 = Release|Any CPU
	EndGlobalSection
	GlobalSection(SolutionProperties) = preSolution
		HideSolutionNode = FALSE
	EndGlobalSection
	GlobalSection(ExtensibilityGlobals) = postSolution
		SolutionGuid = {88485ACB-0C9D-4E09-BBE4-7093192E7525}
	EndGlobalSection
EndGlobal
